
Microsoft Visual Studio Solution File, Format Version 12.00
# Visual Studio Version 16
VisualStudioVersion = 16.0.29806.167
MinimumVisualStudioVersion = 10.0.40219.1
Project("{FAE04EC0-301F-11D3-BF4B-00C04F79EFBC}") = "Datos", "Datos\Datos.csproj", "{DB1B054E-161A-4577-9399-7521158D43EA}"
EndProject
Project("{FAE04EC0-301F-11D3-BF4B-00C04F79EFBC}") = "Negocio", "Negocio\Negocio.csproj", "{6B8C5D5F-8085-4A03-8C57-B418D51978FC}"
EndProject
Project("{FAE04EC0-301F-11D3-BF4B-00C04F79EFBC}") = "TestConsole", "TestConsole\TestConsole.csproj", "{F1C14FD3-F1CC-4344-99C4-073199F9663D}"
EndProject
Project("{FAE04EC0-301F-11D3-BF4B-00C04F79EFBC}") = "Presentacion", "Presentacion\Presentacion.csproj", "{7F6063A7-3C08-485D-A8F4-AF28E0C94BBE}"
EndProject
Global
	GlobalSection(SolutionConfigurationPlatforms) = preSolution
		Debug|Any CPU = Debug|Any CPU
		Release|Any CPU = Release|Any CPU
	EndGlobalSection
	GlobalSection(ProjectConfigurationPlatforms) = postSolution
		{DB1B054E-161A-4577-9399-7521158D43EA}.Debug|Any CPU.ActiveCfg = Debug|Any CPU
		{DB1B054E-161A-4577-9399-7521158D43EA}.Debug|Any CPU.Build.0 = Debug|Any CPU
		{DB1B054E-161A-4577-9399-7521158D43EA}.Release|Any CPU.ActiveCfg = Release|Any CPU
		{DB1B054E-161A-4577-9399-7521158D43EA}.Release|Any CPU.Build.0 = Release|Any CPU
		{6B8C5D5F-8085-4A03-8C57-B418D51978FC}.Debug|Any CPU.ActiveCfg = Debug|Any CPU
		{6B8C5D5F-8085-4A03-8C57-B418D51978FC}.Debug|Any CPU.Build.0 = Debug|Any CPU
		{6B8C5D5F-8085-4A03-8C57-B418D51978FC}.Release|Any CPU.ActiveCfg = Release|Any CPU
		{6B8C5D5F-8085-4A03-8C57-B418D51978FC}.Release|Any CPU.Build.0 = Release|Any CPU
		{F1C14FD3-F1CC-4344-99C4-073199F9663D}.Debug|Any CPU.ActiveCfg = Debug|Any CPU
		{F1C14FD3-F1CC-4344-99C4-073199F9663D}.Debug|Any CPU.Build.0 = Debug|Any CPU
		{F1C14FD3-F1CC-4344-99C4-073199F9663D}.Release|Any CPU.ActiveCfg = Release|Any CPU
		{F1C14FD3-F1CC-4344-99C4-073199F9663D}.Release|Any CPU.Build.0 = Release|Any CPU
		{7F6063A7-3C08-485D-A8F4-AF28E0C94BBE}.Debug|Any CPU.ActiveCfg = Debug|Any CPU
		{7F6063A7-3C08-485D-A8F4-AF28E0C94BBE}.Debug|Any CPU.Build.0 = Debug|Any CPU
		{7F6063A7-3C08-485D-A8F4-AF28E0C94BBE}.Release|Any CPU.ActiveCfg = Release|Any CPU
		{7F6063A7-3C08-485D-A8F4-AF28E0C94BBE}.Release|Any CPU.Build.0 = Release|Any CPU
	EndGlobalSection
	GlobalSection(SolutionProperties) = preSolution
		HideSolutionNode = FALSE
	EndGlobalSection
	GlobalSection(ExtensibilityGlobals) = postSolution
		SolutionGuid = {9FB32228-4ED4-4543-B168-0F31C0DCF50A}
	EndGlobalSection
EndGlobal
