
Microsoft Visual Studio Solution File, Format Version 12.00
# Visual Studio Version 16
VisualStudioVersion = 16.0.29806.167
MinimumVisualStudioVersion = 10.0.40219.1
Project("{FAE04EC0-301F-11D3-BF4B-00C04F79EFBC}") = "Presentacion", "Presentacion\Presentacion.csproj", "{A3A08598-A821-4950-AA8A-DFF622E05DF5}"
EndProject
Project("{FAE04EC0-301F-11D3-BF4B-00C04F79EFBC}") = "Datos", "Datos\Datos.csproj", "{DE276D35-5F0F-475F-9B64-82735AD32702}"
EndProject
Project("{FAE04EC0-301F-11D3-BF4B-00C04F79EFBC}") = "Negocio", "Negocio\Negocio.csproj", "{33F955BA-131C-472B-9DD8-141ADF82C797}"
EndProject
Project("{FAE04EC0-301F-11D3-BF4B-00C04F79EFBC}") = "ConsoleApp", "ConsoleApp\ConsoleApp.csproj", "{B23BCBF8-A5B3-47DB-8252-09D98D820A13}"
EndProject
Project("{FAE04EC0-301F-11D3-BF4B-00C04F79EFBC}") = "Entidades", "Entidades\Entidades.csproj", "{4420FDDE-09B9-4C27-ABF0-D6956E291AC4}"
EndProject
Global
	GlobalSection(SolutionConfigurationPlatforms) = preSolution
		Debug|Any CPU = Debug|Any CPU
		Release|Any CPU = Release|Any CPU
	EndGlobalSection
	GlobalSection(ProjectConfigurationPlatforms) = postSolution
		{A3A08598-A821-4950-AA8A-DFF622E05DF5}.Debug|Any CPU.ActiveCfg = Debug|Any CPU
		{A3A08598-A821-4950-AA8A-DFF622E05DF5}.Debug|Any CPU.Build.0 = Debug|Any CPU
		{A3A08598-A821-4950-AA8A-DFF622E05DF5}.Release|Any CPU.ActiveCfg = Release|Any CPU
		{A3A08598-A821-4950-AA8A-DFF622E05DF5}.Release|Any CPU.Build.0 = Release|Any CPU
		{DE276D35-5F0F-475F-9B64-82735AD32702}.Debug|Any CPU.ActiveCfg = Debug|Any CPU
		{DE276D35-5F0F-475F-9B64-82735AD32702}.Debug|Any CPU.Build.0 = Debug|Any CPU
		{DE276D35-5F0F-475F-9B64-82735AD32702}.Release|Any CPU.ActiveCfg = Release|Any CPU
		{DE276D35-5F0F-475F-9B64-82735AD32702}.Release|Any CPU.Build.0 = Release|Any CPU
		{33F955BA-131C-472B-9DD8-141ADF82C797}.Debug|Any CPU.ActiveCfg = Debug|Any CPU
		{33F955BA-131C-472B-9DD8-141ADF82C797}.Debug|Any CPU.Build.0 = Debug|Any CPU
		{33F955BA-131C-472B-9DD8-141ADF82C797}.Release|Any CPU.ActiveCfg = Release|Any CPU
		{33F955BA-131C-472B-9DD8-141ADF82C797}.Release|Any CPU.Build.0 = Release|Any CPU
		{B23BCBF8-A5B3-47DB-8252-09D98D820A13}.Debug|Any CPU.ActiveCfg = Debug|Any CPU
		{B23BCBF8-A5B3-47DB-8252-09D98D820A13}.Debug|Any CPU.Build.0 = Debug|Any CPU
		{B23BCBF8-A5B3-47DB-8252-09D98D820A13}.Release|Any CPU.ActiveCfg = Release|Any CPU
		{B23BCBF8-A5B3-47DB-8252-09D98D820A13}.Release|Any CPU.Build.0 = Release|Any CPU
		{4420FDDE-09B9-4C27-ABF0-D6956E291AC4}.Debug|Any CPU.ActiveCfg = Debug|Any CPU
		{4420FDDE-09B9-4C27-ABF0-D6956E291AC4}.Debug|Any CPU.Build.0 = Debug|Any CPU
		{4420FDDE-09B9-4C27-ABF0-D6956E291AC4}.Release|Any CPU.ActiveCfg = Release|Any CPU
		{4420FDDE-09B9-4C27-ABF0-D6956E291AC4}.Release|Any CPU.Build.0 = Release|Any CPU
	EndGlobalSection
	GlobalSection(SolutionProperties) = preSolution
		HideSolutionNode = FALSE
	EndGlobalSection
	GlobalSection(ExtensibilityGlobals) = postSolution
		SolutionGuid = {87FB281E-5256-4B3A-919B-F1725367D90F}
	EndGlobalSection
EndGlobal
